
Microsoft Visual Studio Solution File, Format Version 11.00
# Visual Studio 2010
Project("{FAE04EC0-301F-11D3-BF4B-00C04F79EFBC}") = "log4net.RabbitMQ", "log4net.RabbitMQ\log4net.RabbitMQ.csproj", "{4F906D5D-C6CC-4A95-B2F3-C7C4A5576A38}"
EndProject
Project("{FAE04EC0-301F-11D3-BF4B-00C04F79EFBC}") = "log4net.RabbitMQ.Tests", "log4net.RabbitMQ.Tests\log4net.RabbitMQ.Tests.csproj", "{8D448B5B-0AFF-49EA-A464-F02D0CE54820}"
EndProject
Global
	GlobalSection(SolutionConfigurationPlatforms) = preSolution
		Debug|Any CPU = Debug|Any CPU
		Release|Any CPU = Release|Any CPU
	EndGlobalSection
	GlobalSection(ProjectConfigurationPlatforms) = postSolution
		{4F906D5D-C6CC-4A95-B2F3-C7C4A5576A38}.Debug|Any CPU.ActiveCfg = Debug|Any CPU
		{4F906D5D-C6CC-4A95-B2F3-C7C4A5576A38}.Debug|Any CPU.Build.0 = Debug|Any CPU
		{4F906D5D-C6CC-4A95-B2F3-C7C4A5576A38}.Release|Any CPU.ActiveCfg = Release|Any CPU
		{4F906D5D-C6CC-4A95-B2F3-C7C4A5576A38}.Release|Any CPU.Build.0 = Release|Any CPU
		{8D448B5B-0AFF-49EA-A464-F02D0CE54820}.Debug|Any CPU.ActiveCfg = Debug|Any CPU
		{8D448B5B-0AFF-49EA-A464-F02D0CE54820}.Debug|Any CPU.Build.0 = Debug|Any CPU
		{8D448B5B-0AFF-49EA-A464-F02D0CE54820}.Release|Any CPU.ActiveCfg = Release|Any CPU
		{8D448B5B-0AFF-49EA-A464-F02D0CE54820}.Release|Any CPU.Build.0 = Release|Any CPU
	EndGlobalSection
	GlobalSection(SolutionProperties) = preSolution
		HideSolutionNode = FALSE
	EndGlobalSection
EndGlobal
